
Microsoft Visual Studio Solution File, Format Version 12.00
# Visual Studio Version 16
VisualStudioVersion = 16.0.31019.35
MinimumVisualStudioVersion = 10.0.40219.1
Project("{9A19103F-16F7-4668-BE54-9A1E7A4F7556}") = "GoogleDocAPI", "GoogleDocAPI\GoogleDocAPI.csproj", "{C181B82F-9184-4A3C-B951-0C083D15D323}"
EndProject
Project("{FAE04EC0-301F-11D3-BF4B-00C04F79EFBC}") = "GDWebapp", "GDWebapp\GDWebapp.csproj", "{73552115-E2D9-442E-A570-118B6930A668}"
EndProject
Global
	GlobalSection(SolutionConfigurationPlatforms) = preSolution
		Debug|Any CPU = Debug|Any CPU
		Release|Any CPU = Release|Any CPU
	EndGlobalSection
	GlobalSection(ProjectConfigurationPlatforms) = postSolution
		{C181B82F-9184-4A3C-B951-0C083D15D323}.Debug|Any CPU.ActiveCfg = Debug|Any CPU
		{C181B82F-9184-4A3C-B951-0C083D15D323}.Debug|Any CPU.Build.0 = Debug|Any CPU
		{C181B82F-9184-4A3C-B951-0C083D15D323}.Release|Any CPU.ActiveCfg = Release|Any CPU
		{C181B82F-9184-4A3C-B951-0C083D15D323}.Release|Any CPU.Build.0 = Release|Any CPU
		{73552115-E2D9-442E-A570-118B6930A668}.Debug|Any CPU.ActiveCfg = Debug|Any CPU
		{73552115-E2D9-442E-A570-118B6930A668}.Debug|Any CPU.Build.0 = Debug|Any CPU
		{73552115-E2D9-442E-A570-118B6930A668}.Release|Any CPU.ActiveCfg = Release|Any CPU
		{73552115-E2D9-442E-A570-118B6930A668}.Release|Any CPU.Build.0 = Release|Any CPU
	EndGlobalSection
	GlobalSection(SolutionProperties) = preSolution
		HideSolutionNode = FALSE
	EndGlobalSection
	GlobalSection(ExtensibilityGlobals) = postSolution
		SolutionGuid = {89DAF817-C897-4DD7-A0A8-4DFFDDC9EC1D}
	EndGlobalSection
EndGlobal
